
Microsoft Visual Studio Solution File, Format Version 12.00
# Visual Studio Version 16
VisualStudioVersion = 16.0.31410.357
MinimumVisualStudioVersion = 10.0.40219.1
Project("{FAE04EC0-301F-11D3-BF4B-00C04F79EFBC}") = "MegaDatabaseBackup", "MegaDatabaseBackup\MegaDatabaseBackup.csproj", "{EEC41091-E0DF-4C14-8086-B7E27F7F5F5E}"
EndProject
Global
	GlobalSection(SolutionConfigurationPlatforms) = preSolution
		Debug|Any CPU = Debug|Any CPU
		Release|Any CPU = Release|Any CPU
	EndGlobalSection
	GlobalSection(ProjectConfigurationPlatforms) = postSolution
		{EEC41091-E0DF-4C14-8086-B7E27F7F5F5E}.Debug|Any CPU.ActiveCfg = Debug|Any CPU
		{EEC41091-E0DF-4C14-8086-B7E27F7F5F5E}.Debug|Any CPU.Build.0 = Debug|Any CPU
		{EEC41091-E0DF-4C14-8086-B7E27F7F5F5E}.Release|Any CPU.ActiveCfg = Release|Any CPU
		{EEC41091-E0DF-4C14-8086-B7E27F7F5F5E}.Release|Any CPU.Build.0 = Release|Any CPU
	EndGlobalSection
	GlobalSection(SolutionProperties) = preSolution
		HideSolutionNode = FALSE
	EndGlobalSection
	GlobalSection(ExtensibilityGlobals) = postSolution
		SolutionGuid = {90413737-E803-45FC-BD7C-1ED789758173}
	EndGlobalSection
EndGlobal
